
Microsoft Visual Studio Solution File, Format Version 12.00
# Visual Studio 15
VisualStudioVersion = 15.0.27130.2010
MinimumVisualStudioVersion = 10.0.40219.1
Project("{FAE04EC0-301F-11D3-BF4B-00C04F79EFBC}") = "SeoTool.UI", "SeoTool.UI\SeoTool.UI.csproj", "{5D79F468-248E-437C-9E33-DF1A035E4A13}"
EndProject
Global
	GlobalSection(SolutionConfigurationPlatforms) = preSolution
		Debug|Any CPU = Debug|Any CPU
		Release|Any CPU = Release|Any CPU
	EndGlobalSection
	GlobalSection(ProjectConfigurationPlatforms) = postSolution
		{5D79F468-248E-437C-9E33-DF1A035E4A13}.Debug|Any CPU.ActiveCfg = Debug|Any CPU
		{5D79F468-248E-437C-9E33-DF1A035E4A13}.Debug|Any CPU.Build.0 = Debug|Any CPU
		{5D79F468-248E-437C-9E33-DF1A035E4A13}.Release|Any CPU.ActiveCfg = Release|Any CPU
		{5D79F468-248E-437C-9E33-DF1A035E4A13}.Release|Any CPU.Build.0 = Release|Any CPU
	EndGlobalSection
	GlobalSection(SolutionProperties) = preSolution
		HideSolutionNode = FALSE
	EndGlobalSection
	GlobalSection(ExtensibilityGlobals) = postSolution
		SolutionGuid = {6A24362A-4D8D-4C9E-988D-F8CB5DEA2493}
	EndGlobalSection
EndGlobal
